
Microsoft Visual Studio Solution File, Format Version 12.00
# Visual Studio Version 16
VisualStudioVersion = 16.0.33423.256
MinimumVisualStudioVersion = 10.0.40219.1
Project("{FAE04EC0-301F-11D3-BF4B-00C04F79EFBC}") = "DBMIDPROJECT", "DBMIDPROJECT\DBMIDPROJECT.csproj", "{A295484A-E26C-4BD4-A969-29570D85A608}"
EndProject
Global
	GlobalSection(SolutionConfigurationPlatforms) = preSolution
		Debug|Any CPU = Debug|Any CPU
		Release|Any CPU = Release|Any CPU
	EndGlobalSection
	GlobalSection(ProjectConfigurationPlatforms) = postSolution
		{A295484A-E26C-4BD4-A969-29570D85A608}.Debug|Any CPU.ActiveCfg = Debug|Any CPU
		{A295484A-E26C-4BD4-A969-29570D85A608}.Debug|Any CPU.Build.0 = Debug|Any CPU
		{A295484A-E26C-4BD4-A969-29570D85A608}.Release|Any CPU.ActiveCfg = Release|Any CPU
		{A295484A-E26C-4BD4-A969-29570D85A608}.Release|Any CPU.Build.0 = Release|Any CPU
	EndGlobalSection
	GlobalSection(SolutionProperties) = preSolution
		HideSolutionNode = FALSE
	EndGlobalSection
	GlobalSection(ExtensibilityGlobals) = postSolution
		SolutionGuid = {134FC995-E54E-4159-956E-D374914FAD0E}
	EndGlobalSection
EndGlobal
